<?xml version="1.0" encoding="utf-8"?>
<Project ToolsVersion="4.0" xmlns="http://schemas.microsoft.com/developer/msbuild/2003">
  <ItemGroup>
    <Filter Include="Source Files">
      <UniqueIdentifier>{4FC737F1-C7A5-4376-A066-2A32D752A2FF}</UniqueIdentifier>
      <Extensions>cpp;c;cc;cxx;def;odl;idl;hpj;bat;asm;asmx</Extensions>
    </Filter>
    <Filter Include="Header Files">
      <UniqueIdentifier>{93995380-89BD-4b04-88EB-625FBE52EBFB}</UniqueIdentifier>
      <Extensions>h;hh;hpp;hxx;hm;inl;inc;xsd</Extensions>
    </Filter>
    <Filter Include="Resource Files">
      <UniqueIdentifier>{67DA6AB6-F800-4c08-8B7A-83BB121AAD01}</UniqueIdentifier>
      <Extensions>rc;ico;cur;bmp;dlg;rc2;rct;bin;rgs;gif;jpg;jpeg;jpe;resx;tiff;tif;png;wav;mfcribbon-ms</Extensions>
    </Filter>
    <Filter Include="Mock Header Files">
      <UniqueIdentifier>{e6627511-b1d1-4070-8057-35fef16c577b}</UniqueIdentifier>
    </Filter>
    <Filter Include="Header Files\Interface">
      <UniqueIdentifier>{5f93cbc1-87f8-415e-bcf1-7d1719d804ba}</UniqueIdentifier>
    </Filter>
  </ItemGroup>
  <ItemGroup>
    <Text Include="ReadMe.txt" />
  </ItemGroup>
  <ItemGroup>
    <ClInclude Include="targetver.h">
      <Filter>Header Files</Filter>
    </ClInclude>
    <ClInclude Include="ImageStruct.h">
      <Filter>Header Files</Filter>
    </ClInclude>
    <ClInclude Include="ImageStructQueue.h">
      <Filter>Header Files</Filter>
    </ClInclude>
    <ClInclude Include="SqliteDBWrapper.h">
      <Filter>Header Files</Filter>
    </ClInclude>
    <ClInclude Include="SqliteImageFetcher.h">
      <Filter>Header Files</Filter>
    </ClInclude>
    <ClInclude Include="DllExport.h">
      <Filter>Header Files</Filter>
    </ClInclude>
    <ClInclude Include="Mock_ImageStructQueue.h">
      <Filter>Mock Header Files</Filter>
    </ClInclude>
    <ClInclude Include="Mock_SqliteDBWrapper.h">
      <Filter>Mock Header Files</Filter>
    </ClInclude>
    <ClInclude Include="Mock_DelegateUploader.h">
      <Filter>Mock Header Files</Filter>
    </ClInclude>
    <ClInclude Include="IDBWrapper.h">
      <Filter>Header Files\Interface</Filter>
    </ClInclude>
    <ClInclude Include="IDelegateUploader.h">
      <Filter>Header Files\Interface</Filter>
    </ClInclude>
    <ClInclude Include="IImageFetcher.h">
      <Filter>Header Files\Interface</Filter>
    </ClInclude>
    <ClInclude Include="IImageUploader.h">
      <Filter>Header Files\Interface</Filter>
    </ClInclude>
    <ClInclude Include="StubDelegateUploader.h">
      <Filter>Header Files</Filter>
    </ClInclude>
    <ClInclude Include="SyncImageUploader.h">
      <Filter>Header Files</Filter>
    </ClInclude>
  </ItemGroup>
  <ItemGroup>
    <ClCompile Include="SqliteDBWrapper.cpp">
      <Filter>Source Files</Filter>
    </ClCompile>
    <ClCompile Include="SqliteImageFetcher.cpp">
      <Filter>Source Files</Filter>
    </ClCompile>
    <ClCompile Include="SyncImageUploader.cpp">
      <Filter>Source Files</Filter>
    </ClCompile>
    <ClCompile Include="StubDelegateUploader.cpp">
      <Filter>Source Files</Filter>
    </ClCompile>
  </ItemGroup>
</Project>